
Microsoft Visual Studio Solution File, Format Version 12.00
# Visual Studio Version 16
VisualStudioVersion = 16.0.30907.101
MinimumVisualStudioVersion = 10.0.40219.1
Project("{9A19103F-16F7-4668-BE54-9A1E7A4F7556}") = "WebAppiGestor", "WebAppiGestor\WebAppiGestor.csproj", "{37889B47-6026-4075-8F9C-DB5FBC96B833}"
EndProject
Global
	GlobalSection(SolutionConfigurationPlatforms) = preSolution
		Debug|Any CPU = Debug|Any CPU
		Release|Any CPU = Release|Any CPU
	EndGlobalSection
	GlobalSection(ProjectConfigurationPlatforms) = postSolution
		{37889B47-6026-4075-8F9C-DB5FBC96B833}.Debug|Any CPU.ActiveCfg = Debug|Any CPU
		{37889B47-6026-4075-8F9C-DB5FBC96B833}.Debug|Any CPU.Build.0 = Debug|Any CPU
		{37889B47-6026-4075-8F9C-DB5FBC96B833}.Release|Any CPU.ActiveCfg = Release|Any CPU
		{37889B47-6026-4075-8F9C-DB5FBC96B833}.Release|Any CPU.Build.0 = Release|Any CPU
	EndGlobalSection
	GlobalSection(SolutionProperties) = preSolution
		HideSolutionNode = FALSE
	EndGlobalSection
	GlobalSection(ExtensibilityGlobals) = postSolution
		SolutionGuid = {5A617C99-9D40-4000-B425-0EF5B7F1E4C2}
	EndGlobalSection
EndGlobal
